// !$*UTF8*$!
{
	archiveVersion = 1;
	classes = {
	};
	objectVersion = 55;
	objects = {

/* Begin PBXBuildFile section */
		55B27D6D28168C4100DCB261 /* AppDelegate.swift in Sources */ = {isa = PBXBuildFile; fileRef = 55B27D6C28168C4100DCB261 /* AppDelegate.swift */; };
		55B27D6F28168C4100DCB261 /* SceneDelegate.swift in Sources */ = {isa = PBXBuildFile; fileRef = 55B27D6E28168C4100DCB261 /* SceneDelegate.swift */; };
		55B27D7128168C4100DCB261 /* CommentsViewController.swift in Sources */ = {isa = PBXBuildFile; fileRef = 55B27D7028168C4100DCB261 /* CommentsViewController.swift */; };
		55B27D7428168C4100DCB261 /* Comments.storyboard in Resources */ = {isa = PBXBuildFile; fileRef = 55B27D7228168C4100DCB261 /* Comments.storyboard */; };
		55B27D7628168C4300DCB261 /* Assets.xcassets in Resources */ = {isa = PBXBuildFile; fileRef = 55B27D7528168C4300DCB261 /* Assets.xcassets */; };
		55B27D7928168C4300DCB261 /* LaunchScreen.storyboard in Resources */ = {isa = PBXBuildFile; fileRef = 55B27D7728168C4300DCB261 /* LaunchScreen.storyboard */; };
		55B27D8B281696A400DCB261 /* CommentCell.swift in Sources */ = {isa = PBXBuildFile; fileRef = 55B27D8A281696A400DCB261 /* CommentCell.swift */; };
		55B27D8D2816988F00DCB261 /* Comment.swift in Sources */ = {isa = PBXBuildFile; fileRef = 55B27D8C2816988F00DCB261 /* Comment.swift */; };
/* End PBXBuildFile section */

/* Begin PBXFileReference section */
		55B27D6928168C4100DCB261 /* MVC-N.app */ = {isa = PBXFileReference; explicitFileType = wrapper.application; includeInIndex = 0; path = "MVC-N.app"; sourceTree = BUILT_PRODUCTS_DIR; };
		55B27D6C28168C4100DCB261 /* AppDelegate.swift */ = {isa = PBXFileReference; lastKnownFileType = sourcecode.swift; path = AppDelegate.swift; sourceTree = "<group>"; };
		55B27D6E28168C4100DCB261 /* SceneDelegate.swift */ = {isa = PBXFileReference; lastKnownFileType = sourcecode.swift; path = SceneDelegate.swift; sourceTree = "<group>"; };
		55B27D7028168C4100DCB261 /* CommentsViewController.swift */ = {isa = PBXFileReference; lastKnownFileType = sourcecode.swift; path = CommentsViewController.swift; sourceTree = "<group>"; };
		55B27D7328168C4100DCB261 /* Base */ = {isa = PBXFileReference; lastKnownFileType = file.storyboard; name = Base; path = Base.lproj/Comments.storyboard; sourceTree = "<group>"; };
		55B27D7528168C4300DCB261 /* Assets.xcassets */ = {isa = PBXFileReference; lastKnownFileType = folder.assetcatalog; path = Assets.xcassets; sourceTree = "<group>"; };
		55B27D7828168C4300DCB261 /* Base */ = {isa = PBXFileReference; lastKnownFileType = file.storyboard; name = Base; path = Base.lproj/LaunchScreen.storyboard; sourceTree = "<group>"; };
		55B27D7A28168C4300DCB261 /* Info.plist */ = {isa = PBXFileReference; lastKnownFileType = text.plist.xml; path = Info.plist; sourceTree = "<group>"; };
		55B27D8A281696A400DCB261 /* CommentCell.swift */ = {isa = PBXFileReference; lastKnownFileType = sourcecode.swift; path = CommentCell.swift; sourceTree = "<group>"; };
		55B27D8C2816988F00DCB261 /* Comment.swift */ = {isa = PBXFileReference; lastKnownFileType = sourcecode.swift; path = Comment.swift; sourceTree = "<group>"; };
/* End PBXFileReference section */

/* Begin PBXFrameworksBuildPhase section */
		55B27D6628168C4100DCB261 /* Frameworks */ = {
			isa = PBXFrameworksBuildPhase;
			buildActionMask = 2147483647;
			files = (
			);
			runOnlyForDeploymentPostprocessing = 0;
		};
/* End PBXFrameworksBuildPhase section */

/* Begin PBXGroup section */
		55B27D6028168C4100DCB261 = {
			isa = PBXGroup;
			children = (
				55B27D6B28168C4100DCB261 /* MVC-N */,
				55B27D6A28168C4100DCB261 /* Products */,
			);
			sourceTree = "<group>";
		};
		55B27D6A28168C4100DCB261 /* Products */ = {
			isa = PBXGroup;
			children = (
				55B27D6928168C4100DCB261 /* MVC-N.app */,
			);
			name = Products;
			sourceTree = "<group>";
		};
		55B27D6B28168C4100DCB261 /* MVC-N */ = {
			isa = PBXGroup;
			children = (
				55B27D8028168CDF00DCB261 /* Application */,
				55B27D8428168D1900DCB261 /* Comments */,
				55B27D7528168C4300DCB261 /* Assets.xcassets */,
				55B27D7A28168C4300DCB261 /* Info.plist */,
			);
			path = "MVC-N";
			sourceTree = "<group>";
		};
		55B27D8028168CDF00DCB261 /* Application */ = {
			isa = PBXGroup;
			children = (
				55B27D8328168D0B00DCB261 /* Model */,
				55B27D8228168D0500DCB261 /* VIew */,
				55B27D8128168CFB00DCB261 /* Controller */,
			);
			path = Application;
			sourceTree = "<group>";
		};
		55B27D8128168CFB00DCB261 /* Controller */ = {
			isa = PBXGroup;
			children = (
				55B27D6C28168C4100DCB261 /* AppDelegate.swift */,
				55B27D6E28168C4100DCB261 /* SceneDelegate.swift */,
			);
			path = Controller;
			sourceTree = "<group>";
		};
		55B27D8228168D0500DCB261 /* VIew */ = {
			isa = PBXGroup;
			children = (
				55B27D7728168C4300DCB261 /* LaunchScreen.storyboard */,
			);
			path = VIew;
			sourceTree = "<group>";
		};
		55B27D8328168D0B00DCB261 /* Model */ = {
			isa = PBXGroup;
			children = (
			);
			path = Model;
			sourceTree = "<group>";
		};
		55B27D8428168D1900DCB261 /* Comments */ = {
			isa = PBXGroup;
			children = (
				55B27D8728168D5000DCB261 /* Model */,
				55B27D8628168D4800DCB261 /* View */,
				55B27D8528168D3300DCB261 /* Controller */,
			);
			path = Comments;
			sourceTree = "<group>";
		};
		55B27D8528168D3300DCB261 /* Controller */ = {
			isa = PBXGroup;
			children = (
				55B27D7028168C4100DCB261 /* CommentsViewController.swift */,
			);
			path = Controller;
			sourceTree = "<group>";
		};
		55B27D8628168D4800DCB261 /* View */ = {
			isa = PBXGroup;
			children = (
				55B27D7228168C4100DCB261 /* Comments.storyboard */,
				55B27D8A281696A400DCB261 /* CommentCell.swift */,
			);
			path = View;
			sourceTree = "<group>";
		};
		55B27D8728168D5000DCB261 /* Model */ = {
			isa = PBXGroup;
			children = (
				55B27D8C2816988F00DCB261 /* Comment.swift */,
			);
			path = Model;
			sourceTree = "<group>";
		};
/* End PBXGroup section */

/* Begin PBXNativeTarget section */
		55B27D6828168C4100DCB261 /* MVC-N */ = {
			isa = PBXNativeTarget;
			buildConfigurationList = 55B27D7D28168C4300DCB261 /* Build configuration list for PBXNativeTarget "MVC-N" */;
			buildPhases = (
				55B27D6528168C4100DCB261 /* Sources */,
				55B27D6628168C4100DCB261 /* Frameworks */,
				55B27D6728168C4100DCB261 /* Resources */,
			);
			buildRules = (
			);
			dependencies = (
			);
			name = "MVC-N";
			productName = "MVC-N";
			productReference = 55B27D6928168C4100DCB261 /* MVC-N.app */;
			productType = "com.apple.product-type.application";
		};
/* End PBXNativeTarget section */

/* Begin PBXProject section */
		55B27D6128168C4100DCB261 /* Project object */ = {
			isa = PBXProject;
			attributes = {
				BuildIndependentTargetsInParallel = 1;
				LastSwiftUpdateCheck = 1320;
				LastUpgradeCheck = 1320;
				TargetAttributes = {
					55B27D6828168C4100DCB261 = {
						CreatedOnToolsVersion = 13.2.1;
					};
				};
			};
			buildConfigurationList = 55B27D6428168C4100DCB261 /* Build configuration list for PBXProject "MVC-N" */;
			compatibilityVersion = "Xcode 13.0";
			developmentRegion = en;
			hasScannedForEncodings = 0;
			knownRegions = (
				en,
				Base,
			);
			mainGroup = 55B27D6028168C4100DCB261;
			productRefGroup = 55B27D6A28168C4100DCB261 /* Products */;
			projectDirPath = "";
			projectRoot = "";
			targets = (
				55B27D6828168C4100DCB261 /* MVC-N */,
			);
		};
/* End PBXProject section */

/* Begin PBXResourcesBuildPhase section */
		55B27D6728168C4100DCB261 /* Resources */ = {
			isa = PBXResourcesBuildPhase;
			buildActionMask = 2147483647;
			files = (
				55B27D7928168C4300DCB261 /* LaunchScreen.storyboard in Resources */,
				55B27D7628168C4300DCB261 /* Assets.xcassets in Resources */,
				55B27D7428168C4100DCB261 /* Comments.storyboard in Resources */,
			);
			runOnlyForDeploymentPostprocessing = 0;
		};
/* End PBXResourcesBuildPhase section */

/* Begin PBXSourcesBuildPhase section */
		55B27D6528168C4100DCB261 /* Sources */ = {
			isa = PBXSourcesBuildPhase;
			buildActionMask = 2147483647;
			files = (
				55B27D8D2816988F00DCB261 /* Comment.swift in Sources */,
				55B27D7128168C4100DCB261 /* CommentsViewController.swift in Sources */,
				55B27D6D28168C4100DCB261 /* AppDelegate.swift in Sources */,
				55B27D6F28168C4100DCB261 /* SceneDelegate.swift in Sources */,
				55B27D8B281696A400DCB261 /* CommentCell.swift in Sources */,
			);
			runOnlyForDeploymentPostprocessing = 0;
		};
/* End PBXSourcesBuildPhase section */

/* Begin PBXVariantGroup section */
		55B27D7228168C4100DCB261 /* Comments.storyboard */ = {
			isa = PBXVariantGroup;
			children = (
				55B27D7328168C4100DCB261 /* Base */,
			);
			name = Comments.storyboard;
			sourceTree = "<group>";
		};
		55B27D7728168C4300DCB261 /* LaunchScreen.storyboard */ = {
			isa = PBXVariantGroup;
			children = (
				55B27D7828168C4300DCB261 /* Base */,
			);
			name = LaunchScreen.storyboard;
			sourceTree = "<group>";
		};
/* End PBXVariantGroup section */

/* Begin XCBuildConfiguration section */
		55B27D7B28168C4300DCB261 /* Debug */ = {
			isa = XCBuildConfiguration;
			buildSettings = {
				ALWAYS_SEARCH_USER_PATHS = NO;
				CLANG_ANALYZER_NONNULL = YES;
				CLANG_ANALYZER_NUMBER_OBJECT_CONVERSION = YES_AGGRESSIVE;
				CLANG_CXX_LANGUAGE_STANDARD = "gnu++17";
				CLANG_CXX_LIBRARY = "libc++";
				CLANG_ENABLE_MODULES = YES;
				CLANG_ENABLE_OBJC_ARC = YES;
				CLANG_ENABLE_OBJC_WEAK = YES;
				CLANG_WARN_BLOCK_CAPTURE_AUTORELEASING = YES;
				CLANG_WARN_BOOL_CONVERSION = YES;
				CLANG_WARN_COMMA = YES;
				CLANG_WARN_CONSTANT_CONVERSION = YES;
				CLANG_WARN_DEPRECATED_OBJC_IMPLEMENTATIONS = YES;
				CLANG_WARN_DIRECT_OBJC_ISA_USAGE = YES_ERROR;
				CLANG_WARN_DOCUMENTATION_COMMENTS = YES;
				CLANG_WARN_EMPTY_BODY = YES;
				CLANG_WARN_ENUM_CONVERSION = YES;
				CLANG_WARN_INFINITE_RECURSION = YES;
				CLANG_WARN_INT_CONVERSION = YES;
				CLANG_WARN_NON_LITERAL_NULL_CONVERSION = YES;
				CLANG_WARN_OBJC_IMPLICIT_RETAIN_SELF = YES;
				CLANG_WARN_OBJC_LITERAL_CONVERSION = YES;
				CLANG_WARN_OBJC_ROOT_CLASS = YES_ERROR;
				CLANG_WARN_QUOTED_INCLUDE_IN_FRAMEWORK_HEADER = YES;
				CLANG_WARN_RANGE_LOOP_ANALYSIS = YES;
				CLANG_WARN_STRICT_PROTOTYPES = YES;
				CLANG_WARN_SUSPICIOUS_MOVE = YES;
				CLANG_WARN_UNGUARDED_AVAILABILITY = YES_AGGRESSIVE;
				CLANG_WARN_UNREACHABLE_CODE = YES;
				CLANG_WARN__DUPLICATE_METHOD_MATCH = YES;
				COPY_PHASE_STRIP = NO;
				DEBUG_INFORMATION_FORMAT = dwarf;
				ENABLE_STRICT_OBJC_MSGSEND = YES;
				ENABLE_TESTABILITY = YES;
				GCC_C_LANGUAGE_STANDARD = gnu11;
				GCC_DYNAMIC_NO_PIC = NO;
				GCC_NO_COMMON_BLOCKS = YES;
				GCC_OPTIMIZATION_LEVEL = 0;
				GCC_PREPROCESSOR_DEFINITIONS = (
					"DEBUG=1",
					"$(inherited)",
				);
				GCC_WARN_64_TO_32_BIT_CONVERSION = YES;
				GCC_WARN_ABOUT_RETURN_TYPE = YES_ERROR;
				GCC_WARN_UNDECLARED_SELECTOR = YES;
				GCC_WARN_UNINITIALIZED_AUTOS = YES_AGGRESSIVE;
				GCC_WARN_UNUSED_FUNCTION = YES;
				GCC_WARN_UNUSED_VARIABLE = YES;
				IPHONEOS_DEPLOYMENT_TARGET = 15.2;
				MTL_ENABLE_DEBUG_INFO = INCLUDE_SOURCE;
				MTL_FAST_MATH = YES;
				ONLY_ACTIVE_ARCH = YES;
				SDKROOT = iphoneos;
				SWIFT_ACTIVE_COMPILATION_CONDITIONS = DEBUG;
				SWIFT_OPTIMIZATION_LEVEL = "-Onone";
			};
			name = Debug;
		};
		55B27D7C28168C4300DCB261 /* Release */ = {
			isa = XCBuildConfiguration;
			buildSettings = {
				ALWAYS_SEARCH_USER_PATHS = NO;
				CLANG_ANALYZER_NONNULL = YES;
				CLANG_ANALYZER_NUMBER_OBJECT_CONVERSION = YES_AGGRESSIVE;
				CLANG_CXX_LANGUAGE_STANDARD = "gnu++17";
				CLANG_CXX_LIBRARY = "libc++";
				CLANG_ENABLE_MODULES = YES;
				CLANG_ENABLE_OBJC_ARC = YES;
				CLANG_ENABLE_OBJC_WEAK = YES;
				CLANG_WARN_BLOCK_CAPTURE_AUTORELEASING = YES;
				CLANG_WARN_BOOL_CONVERSION = YES;
				CLANG_WARN_COMMA = YES;
				CLANG_WARN_CONSTANT_CONVERSION = YES;
				CLANG_WARN_DEPRECATED_OBJC_IMPLEMENTATIONS = YES;
				CLANG_WARN_DIRECT_OBJC_ISA_USAGE = YES_ERROR;
				CLANG_WARN_DOCUMENTATION_COMMENTS = YES;
				CLANG_WARN_EMPTY_BODY = YES;
				CLANG_WARN_ENUM_CONVERSION = YES;
				CLANG_WARN_INFINITE_RECURSION = YES;
				CLANG_WARN_INT_CONVERSION = YES;
				CLANG_WARN_NON_LITERAL_NULL_CONVERSION = YES;
				CLANG_WARN_OBJC_IMPLICIT_RETAIN_SELF = YES;
				CLANG_WARN_OBJC_LITERAL_CONVERSION = YES;
				CLANG_WARN_OBJC_ROOT_CLASS = YES_ERROR;
				CLANG_WARN_QUOTED_INCLUDE_IN_FRAMEWORK_HEADER = YES;
				CLANG_WARN_RANGE_LOOP_ANALYSIS = YES;
				CLANG_WARN_STRICT_PROTOTYPES = YES;
				CLANG_WARN_SUSPICIOUS_MOVE = YES;
				CLANG_WARN_UNGUARDED_AVAILABILITY = YES_AGGRESSIVE;
				CLANG_WARN_UNREACHABLE_CODE = YES;
				CLANG_WARN__DUPLICATE_METHOD_MATCH = YES;
				COPY_PHASE_STRIP = NO;
				DEBUG_INFORMATION_FORMAT = "dwarf-with-dsym";
				ENABLE_NS_ASSERTIONS = NO;
				ENABLE_STRICT_OBJC_MSGSEND = YES;
				GCC_C_LANGUAGE_STANDARD = gnu11;
				GCC_NO_COMMON_BLOCKS = YES;
				GCC_WARN_64_TO_32_BIT_CONVERSION = YES;
				GCC_WARN_ABOUT_RETURN_TYPE = YES_ERROR;
				GCC_WARN_UNDECLARED_SELECTOR = YES;
				GCC_WARN_UNINITIALIZED_AUTOS = YES_AGGRESSIVE;
				GCC_WARN_UNUSED_FUNCTION = YES;
				GCC_WARN_UNUSED_VARIABLE = YES;
				IPHONEOS_DEPLOYMENT_TARGET = 15.2;
				MTL_ENABLE_DEBUG_INFO = NO;
				MTL_FAST_MATH = YES;
				SDKROOT = iphoneos;
				SWIFT_COMPILATION_MODE = wholemodule;
				SWIFT_OPTIMIZATION_LEVEL = "-O";
				VALIDATE_PRODUCT = YES;
			};
			name = Release;
		};
		55B27D7E28168C4300DCB261 /* Debug */ = {
			isa = XCBuildConfiguration;
			buildSettings = {
				ASSETCATALOG_COMPILER_APPICON_NAME = AppIcon;
				ASSETCATALOG_COMPILER_GLOBAL_ACCENT_COLOR_NAME = AccentColor;
				CODE_SIGN_STYLE = Automatic;
				CURRENT_PROJECT_VERSION = 1;
				GENERATE_INFOPLIST_FILE = YES;
				INFOPLIST_FILE = "MVC-N/Info.plist";
				INFOPLIST_KEY_UIApplicationSupportsIndirectInputEvents = YES;
				INFOPLIST_KEY_UILaunchStoryboardName = LaunchScreen;
				INFOPLIST_KEY_UIMainStoryboardFile = Comments;
				INFOPLIST_KEY_UISupportedInterfaceOrientations_iPad = "UIInterfaceOrientationPortrait UIInterfaceOrientationPortraitUpsideDown UIInterfaceOrientationLandscapeLeft UIInterfaceOrientationLandscapeRight";
				INFOPLIST_KEY_UISupportedInterfaceOrientations_iPhone = "UIInterfaceOrientationPortrait UIInterfaceOrientationLandscapeLeft UIInterfaceOrientationLandscapeRight";
				LD_RUNPATH_SEARCH_PATHS = (
					"$(inherited)",
					"@executable_path/Frameworks",
				);
				MARKETING_VERSION = 1.0;
				PRODUCT_BUNDLE_IDENTIFIER = "-000-.MVC-N";
				PRODUCT_NAME = "$(TARGET_NAME)";
				SWIFT_EMIT_LOC_STRINGS = YES;
				SWIFT_VERSION = 5.0;
				TARGETED_DEVICE_FAMILY = "1,2";
			};
			name = Debug;
		};
		55B27D7F28168C4300DCB261 /* Release */ = {
			isa = XCBuildConfiguration;
			buildSettings = {
				ASSETCATALOG_COMPILER_APPICON_NAME = AppIcon;
				ASSETCATALOG_COMPILER_GLOBAL_ACCENT_COLOR_NAME = AccentColor;
				CODE_SIGN_STYLE = Automatic;
				CURRENT_PROJECT_VERSION = 1;
				GENERATE_INFOPLIST_FILE = YES;
				INFOPLIST_FILE = "MVC-N/Info.plist";
				INFOPLIST_KEY_UIApplicationSupportsIndirectInputEvents = YES;
				INFOPLIST_KEY_UILaunchStoryboardName = LaunchScreen;
				INFOPLIST_KEY_UIMainStoryboardFile = Comments;
				INFOPLIST_KEY_UISupportedInterfaceOrientations_iPad = "UIInterfaceOrientationPortrait UIInterfaceOrientationPortraitUpsideDown UIInterfaceOrientationLandscapeLeft UIInterfaceOrientationLandscapeRight";
				INFOPLIST_KEY_UISupportedInterfaceOrientations_iPhone = "UIInterfaceOrientationPortrait UIInterfaceOrientationLandscapeLeft UIInterfaceOrientationLandscapeRight";
				LD_RUNPATH_SEARCH_PATHS = (
					"$(inherited)",
					"@executable_path/Frameworks",
				);
				MARKETING_VERSION = 1.0;
				PRODUCT_BUNDLE_IDENTIFIER = "-000-.MVC-N";
				PRODUCT_NAME = "$(TARGET_NAME)";
				SWIFT_EMIT_LOC_STRINGS = YES;
				SWIFT_VERSION = 5.0;
				TARGETED_DEVICE_FAMILY = "1,2";
			};
			name = Release;
		};
/* End XCBuildConfiguration section */

/* Begin XCConfigurationList section */
		55B27D6428168C4100DCB261 /* Build configuration list for PBXProject "MVC-N" */ = {
			isa = XCConfigurationList;
			buildConfigurations = (
				55B27D7B28168C4300DCB261 /* Debug */,
				55B27D7C28168C4300DCB261 /* Release */,
			);
			defaultConfigurationIsVisible = 0;
			defaultConfigurationName = Release;
		};
		55B27D7D28168C4300DCB261 /* Build configuration list for PBXNativeTarget "MVC-N" */ = {
			isa = XCConfigurationList;
			buildConfigurations = (
				55B27D7E28168C4300DCB261 /* Debug */,
				55B27D7F28168C4300DCB261 /* Release */,
			);
			defaultConfigurationIsVisible = 0;
			defaultConfigurationName = Release;
		};
/* End XCConfigurationList section */
	};
	rootObject = 55B27D6128168C4100DCB261 /* Project object */;
}
